
Microsoft Visual Studio Solution File, Format Version 12.00
# Visual Studio 15
VisualStudioVersion = 15.0.27703.2042
MinimumVisualStudioVersion = 10.0.40219.1
Project("{FAE04EC0-301F-11D3-BF4B-00C04F79EFBC}") = "BitBucketVS.VisualStudio", "src\\BitBucketVS.VisualStudio\BitBucketVS.VisualStudio.csproj", "{B15E1A40-DBFF-4460-B323-D3B484CF7F28}"
EndProject
Global
	GlobalSection(SolutionConfigurationPlatforms) = preSolution
		Debug|Any CPU = Debug|Any CPU
		Release|Any CPU = Release|Any CPU
	EndGlobalSection
	GlobalSection(ProjectConfigurationPlatforms) = postSolution
		{B15E1A40-DBFF-4460-B323-D3B484CF7F28}.Debug|Any CPU.ActiveCfg = Debug|Any CPU
		{B15E1A40-DBFF-4460-B323-D3B484CF7F28}.Debug|Any CPU.Build.0 = Debug|Any CPU
		{B15E1A40-DBFF-4460-B323-D3B484CF7F28}.Release|Any CPU.ActiveCfg = Release|Any CPU
		{B15E1A40-DBFF-4460-B323-D3B484CF7F28}.Release|Any CPU.Build.0 = Release|Any CPU
	EndGlobalSection
	GlobalSection(SolutionProperties) = preSolution
		HideSolutionNode = FALSE
	EndGlobalSection
	GlobalSection(ExtensibilityGlobals) = postSolution
		SolutionGuid = {D0C3B0A6-68F0-4843-A0E6-1E548E88842B}
	EndGlobalSection
EndGlobal
